
Microsoft Visual Studio Solution File, Format Version 12.00
# Visual Studio Express 2012 for Web
Project("{FAE04EC0-301F-11D3-BF4B-00C04F79EFBC}") = "OrderFood", "OrderFood\OrderFood.csproj", "{833F59BC-7132-4858-8694-B5BA25623BD0}"
EndProject
Project("{FAE04EC0-301F-11D3-BF4B-00C04F79EFBC}") = "OrderFood.Tests", "OrderFood.Tests\OrderFood.Tests.csproj", "{36A8882C-38F5-43F9-A7ED-31D45BF52601}"
EndProject
Global
	GlobalSection(SolutionConfigurationPlatforms) = preSolution
		Debug|Any CPU = Debug|Any CPU
		Release|Any CPU = Release|Any CPU
	EndGlobalSection
	GlobalSection(ProjectConfigurationPlatforms) = postSolution
		{833F59BC-7132-4858-8694-B5BA25623BD0}.Debug|Any CPU.ActiveCfg = Debug|Any CPU
		{833F59BC-7132-4858-8694-B5BA25623BD0}.Debug|Any CPU.Build.0 = Debug|Any CPU
		{833F59BC-7132-4858-8694-B5BA25623BD0}.Release|Any CPU.ActiveCfg = Release|Any CPU
		{833F59BC-7132-4858-8694-B5BA25623BD0}.Release|Any CPU.Build.0 = Release|Any CPU
		{36A8882C-38F5-43F9-A7ED-31D45BF52601}.Debug|Any CPU.ActiveCfg = Debug|Any CPU
		{36A8882C-38F5-43F9-A7ED-31D45BF52601}.Debug|Any CPU.Build.0 = Debug|Any CPU
		{36A8882C-38F5-43F9-A7ED-31D45BF52601}.Release|Any CPU.ActiveCfg = Release|Any CPU
		{36A8882C-38F5-43F9-A7ED-31D45BF52601}.Release|Any CPU.Build.0 = Release|Any CPU
	EndGlobalSection
	GlobalSection(SolutionProperties) = preSolution
		HideSolutionNode = FALSE
	EndGlobalSection
EndGlobal
